[dependencies]
  [dependencies.external-secrets]
    name = "external-secrets"
    full_name = "external-secrets_0.1.0"
    version = "0.1.0"
    sum = "Zy/uOL/Svu/S+aN60gAraCqKzM7IRHorYBtB/+/5+Hc="
    reg = "ghcr.io"
    repo = "kcl-lang/external-secrets"
    oci_tag = "0.1.0"
  [dependencies.konfig]
    name = "konfig"
    full_name = "konfig_0.5.0"
    version = "0.5.0"
    sum = "oJh/QkE3/2lPVXhOzi+ZhoWPUP97+z5XsW3U0VApdxo="
    reg = "ghcr.io"
    repo = "kcl-lang/konfig"
    oci_tag = "0.5.0"
